
Microsoft Visual Studio Solution File, Format Version 12.00
# Visual Studio 15
VisualStudioVersion = 15.0.28307.645
MinimumVisualStudioVersion = 10.0.40219.1
Project("{FAE04EC0-301F-11D3-BF4B-00C04F79EFBC}") = "TestGG", "TestGG\TestGG.csproj", "{7A1B6BCD-D038-4EA0-8962-0949FE8A775E}"
EndProject
Global
	GlobalSection(SolutionConfigurationPlatforms) = preSolution
		Debug|Any CPU = Debug|Any CPU
		Release|Any CPU = Release|Any CPU
	EndGlobalSection
	GlobalSection(ProjectConfigurationPlatforms) = postSolution
		{7A1B6BCD-D038-4EA0-8962-0949FE8A775E}.Debug|Any CPU.ActiveCfg = Debug|Any CPU
		{7A1B6BCD-D038-4EA0-8962-0949FE8A775E}.Debug|Any CPU.Build.0 = Debug|Any CPU
		{7A1B6BCD-D038-4EA0-8962-0949FE8A775E}.Release|Any CPU.ActiveCfg = Release|Any CPU
		{7A1B6BCD-D038-4EA0-8962-0949FE8A775E}.Release|Any CPU.Build.0 = Release|Any CPU
	EndGlobalSection
	GlobalSection(SolutionProperties) = preSolution
		HideSolutionNode = FALSE
	EndGlobalSection
	GlobalSection(ExtensibilityGlobals) = postSolution
		SolutionGuid = {33342606-BDAF-4782-B797-73A521905F0A}
	EndGlobalSection
EndGlobal
